
Microsoft Visual Studio Solution File, Format Version 12.00
# Visual Studio Version 17
VisualStudioVersion = 17.9.34622.214
MinimumVisualStudioVersion = 10.0.40219.1
Project("{FAE04EC0-301F-11D3-BF4B-00C04F79EFBC}") = "InheritanceExamples", "InheritanceExamples\InheritanceExamples.csproj", "{E67B46AB-E12D-49DA-8FD7-C6DA3D1EF8C1}"
EndProject
Project("{FAE04EC0-301F-11D3-BF4B-00C04F79EFBC}") = "Parent", "Parent\Parent.csproj", "{53F8F835-29BC-4E54-88C3-8FD420EA2712}"
EndProject
Project("{FAE04EC0-301F-11D3-BF4B-00C04F79EFBC}") = "Child1", "Child1\Child1.csproj", "{7441E1BE-65CD-45F5-ADA8-11A7CD0BF333}"
EndProject
Project("{FAE04EC0-301F-11D3-BF4B-00C04F79EFBC}") = "Child2", "ChildClass2\Child2.csproj", "{3C623F9F-3304-41B7-AFB5-5F04DCD17E7E}"
EndProject
Global
	GlobalSection(SolutionConfigurationPlatforms) = preSolution
		Debug|Any CPU = Debug|Any CPU
		Release|Any CPU = Release|Any CPU
	EndGlobalSection
	GlobalSection(ProjectConfigurationPlatforms) = postSolution
		{E67B46AB-E12D-49DA-8FD7-C6DA3D1EF8C1}.Debug|Any CPU.ActiveCfg = Debug|Any CPU
		{E67B46AB-E12D-49DA-8FD7-C6DA3D1EF8C1}.Debug|Any CPU.Build.0 = Debug|Any CPU
		{E67B46AB-E12D-49DA-8FD7-C6DA3D1EF8C1}.Release|Any CPU.ActiveCfg = Release|Any CPU
		{E67B46AB-E12D-49DA-8FD7-C6DA3D1EF8C1}.Release|Any CPU.Build.0 = Release|Any CPU
		{53F8F835-29BC-4E54-88C3-8FD420EA2712}.Debug|Any CPU.ActiveCfg = Debug|Any CPU
		{53F8F835-29BC-4E54-88C3-8FD420EA2712}.Debug|Any CPU.Build.0 = Debug|Any CPU
		{53F8F835-29BC-4E54-88C3-8FD420EA2712}.Release|Any CPU.ActiveCfg = Release|Any CPU
		{53F8F835-29BC-4E54-88C3-8FD420EA2712}.Release|Any CPU.Build.0 = Release|Any CPU
		{7441E1BE-65CD-45F5-ADA8-11A7CD0BF333}.Debug|Any CPU.ActiveCfg = Debug|Any CPU
		{7441E1BE-65CD-45F5-ADA8-11A7CD0BF333}.Debug|Any CPU.Build.0 = Debug|Any CPU
		{7441E1BE-65CD-45F5-ADA8-11A7CD0BF333}.Release|Any CPU.ActiveCfg = Release|Any CPU
		{7441E1BE-65CD-45F5-ADA8-11A7CD0BF333}.Release|Any CPU.Build.0 = Release|Any CPU
		{3C623F9F-3304-41B7-AFB5-5F04DCD17E7E}.Debug|Any CPU.ActiveCfg = Debug|Any CPU
		{3C623F9F-3304-41B7-AFB5-5F04DCD17E7E}.Debug|Any CPU.Build.0 = Debug|Any CPU
		{3C623F9F-3304-41B7-AFB5-5F04DCD17E7E}.Release|Any CPU.ActiveCfg = Release|Any CPU
		{3C623F9F-3304-41B7-AFB5-5F04DCD17E7E}.Release|Any CPU.Build.0 = Release|Any CPU
	EndGlobalSection
	GlobalSection(SolutionProperties) = preSolution
		HideSolutionNode = FALSE
	EndGlobalSection
	GlobalSection(ExtensibilityGlobals) = postSolution
		SolutionGuid = {BD26D5E7-6FD1-4FA7-B1D4-2BCDBC4DFD6F}
	EndGlobalSection
EndGlobal
